
Microsoft Visual Studio Solution File, Format Version 12.00
# Visual Studio Version 16
VisualStudioVersion = 16.0.29806.167
MinimumVisualStudioVersion = 10.0.40219.1
Project("{9A19103F-16F7-4668-BE54-9A1E7A4F7556}") = "DataStructuresAndAlgorithms", "DataStructuresAndAlgorithms\DataStructuresAndAlgorithms.csproj", "{01E26B5E-8B01-4621-98DE-1814423EBFE2}"
EndProject
Project("{2150E333-8FDC-42A3-9474-1A3956D46DE8}") = "Solution Items", "Solution Items", "{DDB09357-1F47-4748-8ED3-7E3C994D2A5A}"
	ProjectSection(SolutionItems) = preProject
		.editorconfig = .editorconfig
	EndProjectSection
EndProject
Global
	GlobalSection(SolutionConfigurationPlatforms) = preSolution
		Debug|Any CPU = Debug|Any CPU
		Release|Any CPU = Release|Any CPU
	EndGlobalSection
	GlobalSection(ProjectConfigurationPlatforms) = postSolution
		{01E26B5E-8B01-4621-98DE-1814423EBFE2}.Debug|Any CPU.ActiveCfg = Debug|Any CPU
		{01E26B5E-8B01-4621-98DE-1814423EBFE2}.Debug|Any CPU.Build.0 = Debug|Any CPU
		{01E26B5E-8B01-4621-98DE-1814423EBFE2}.Release|Any CPU.ActiveCfg = Release|Any CPU
		{01E26B5E-8B01-4621-98DE-1814423EBFE2}.Release|Any CPU.Build.0 = Release|Any CPU
	EndGlobalSection
	GlobalSection(SolutionProperties) = preSolution
		HideSolutionNode = FALSE
	EndGlobalSection
	GlobalSection(ExtensibilityGlobals) = postSolution
		SolutionGuid = {5510E9C2-0CFB-4689-91DA-A54A2DC7807D}
	EndGlobalSection
EndGlobal
